
Microsoft Visual Studio Solution File, Format Version 12.00
# Visual Studio Version 17
VisualStudioVersion = 17.0.31903.59
MinimumVisualStudioVersion = 10.0.40219.1
Project("{FAE04EC0-301F-11D3-BF4B-00C04F79EFBC}") = "Todo.Domain", "Todo.Domain\Todo.Domain.csproj", "{32635E30-0D64-4E28-A0D8-78362FA9B997}"
EndProject
Project("{FAE04EC0-301F-11D3-BF4B-00C04F79EFBC}") = "Todo.Domain.Api", "Todo.Domain.Api\Todo.Domain.Api.csproj", "{80656332-0BF5-4946-9F83-8F64202D782B}"
EndProject
Project("{FAE04EC0-301F-11D3-BF4B-00C04F79EFBC}") = "Todo.Domain.Tests", "Todo.Domain.Tests\Todo.Domain.Tests.csproj", "{0634E030-2AD7-40A4-9E2D-40C453153BF6}"
EndProject
Project("{FAE04EC0-301F-11D3-BF4B-00C04F79EFBC}") = "Todo.Domain.Infra", "Todo.Domain.Infra\Todo.Domain.Infra.csproj", "{36CE0F05-2D2B-41A6-B0AD-5F803155A2DD}"
EndProject
Global
	GlobalSection(SolutionConfigurationPlatforms) = preSolution
		Debug|Any CPU = Debug|Any CPU
		Release|Any CPU = Release|Any CPU
	EndGlobalSection
	GlobalSection(SolutionProperties) = preSolution
		HideSolutionNode = FALSE
	EndGlobalSection
	GlobalSection(ProjectConfigurationPlatforms) = postSolution
		{32635E30-0D64-4E28-A0D8-78362FA9B997}.Debug|Any CPU.ActiveCfg = Debug|Any CPU
		{32635E30-0D64-4E28-A0D8-78362FA9B997}.Debug|Any CPU.Build.0 = Debug|Any CPU
		{32635E30-0D64-4E28-A0D8-78362FA9B997}.Release|Any CPU.ActiveCfg = Release|Any CPU
		{32635E30-0D64-4E28-A0D8-78362FA9B997}.Release|Any CPU.Build.0 = Release|Any CPU
		{80656332-0BF5-4946-9F83-8F64202D782B}.Debug|Any CPU.ActiveCfg = Debug|Any CPU
		{80656332-0BF5-4946-9F83-8F64202D782B}.Debug|Any CPU.Build.0 = Debug|Any CPU
		{80656332-0BF5-4946-9F83-8F64202D782B}.Release|Any CPU.ActiveCfg = Release|Any CPU
		{80656332-0BF5-4946-9F83-8F64202D782B}.Release|Any CPU.Build.0 = Release|Any CPU
		{0634E030-2AD7-40A4-9E2D-40C453153BF6}.Debug|Any CPU.ActiveCfg = Debug|Any CPU
		{0634E030-2AD7-40A4-9E2D-40C453153BF6}.Debug|Any CPU.Build.0 = Debug|Any CPU
		{0634E030-2AD7-40A4-9E2D-40C453153BF6}.Release|Any CPU.ActiveCfg = Release|Any CPU
		{0634E030-2AD7-40A4-9E2D-40C453153BF6}.Release|Any CPU.Build.0 = Release|Any CPU
		{36CE0F05-2D2B-41A6-B0AD-5F803155A2DD}.Debug|Any CPU.ActiveCfg = Debug|Any CPU
		{36CE0F05-2D2B-41A6-B0AD-5F803155A2DD}.Debug|Any CPU.Build.0 = Debug|Any CPU
		{36CE0F05-2D2B-41A6-B0AD-5F803155A2DD}.Release|Any CPU.ActiveCfg = Release|Any CPU
		{36CE0F05-2D2B-41A6-B0AD-5F803155A2DD}.Release|Any CPU.Build.0 = Release|Any CPU
	EndGlobalSection
EndGlobal
